github.com/Azure/azure-sdk-for-go v42.2.0+incompatible h1:ezf8BQIvXYn+LSf+rDqOVyRG3bWkf/SXKYFz4zIBX1Q=
github.com/Azure/azure-sdk-for-go v42.2.0+incompatible/go.mod h1:9XXNKU+eRnpl9moKnB4QOLf1HestfXbmab5FXxiDBjc=
github.com/Azure/go-autorest/autorest v0.9.0 h1:MRvx8gncNaXJqOoLmhNjUAKh33JJF8LyxPhomEtOsjs=
github.com/Azure/go-autorest/autorest v0.9.0/go.mod h1:xyHB1BMZT0cuDHU7I0+g046+BFDTQ8rEZB0s4Yfa6bI=
github.com/Azure/go-autorest/autorest v0.10.1 h1:uaB8A32IZU9YKs9v50+/LWIWTDHJk2vlGzbfd7FfESI=
github.com/Azure/go-autorest/autorest v0.10.1/go.mod h1:/FALq9T/kS7b5J5qsQ+RSTUdAmGFqi0vUdVNNx8q630=
github.com/Azure/go-autorest/autorest/adal v0.5.0/go.mod h1:8Z9fGy2MpX0PvDjB1pEgQTmVqjGhiHBW7RJJEciWzS0=
github.com/Azure/go-autorest/autorest/adal v0.8.2/go.mod h1:ZjhuQClTqx435SRJ2iMlOxPYt3d2C/T/7TiQCVZSn3Q=
github.com/Azure/go-autorest/autorest/adal v0.8.3 h1:O1AGG9Xig71FxdX9HO5pGNyZ7TbSyHaVg+5eJO/jSGw=
github.com/Azure/go-autorest/autorest/adal v0.8.3/go.mod h1:ZjhuQClTqx435SRJ2iMlOxPYt3d2C/T/7TiQCVZSn3Q=
github.com/Azure/go-autorest/autorest/date v0.1.0/go.mod h1:plvfp3oPSKwf2DNjlBjWF/7vwR+cUD/ELuzDCXwHUVA=
github.com/Azure/go-autorest/autorest/date v0.2.0 h1:yW+Zlqf26583pE43KhfnhFcdmSWlm5Ew6bxipnr/tbM=
github.com/Azure/go-autorest/autorest/date v0.2.0/go.mod h1:vcORJHLJEh643/Ioh9+vPmf1Ij9AEBM5FuBIXLmIy0g=
github.com/Azure/go-autorest/autorest/mocks v0.1.0/go.mod h1:OTyCOPRA2IgIlWxVYxBee2F5Gr4kF2zd2J5cFRaIDN0=
github.com/Azure/go-autorest/autorest/mocks v0.2.0/go.mod h1:OTyCOPRA2IgIlWxVYxBee2F5Gr4kF2zd2J5cFRaIDN0=
github.com/Azure/go-autorest/autorest/mocks v0.3.0 h1:qJumjCaCudz+OcqE9/XtEPfvtOjOmKaui4EOpFI6zZc=
github.com/Azure/go-autorest/autorest/mocks v0.3.0/go.mod h1:a8FDP3DYzQ4RYfVAxAN3SVSiiO77gL2j2ronKKP0syM=
github.com/Azure/go-autorest/autorest/to v0.3.0 h1:zebkZaadz7+wIQYgC7GXaz3Wb28yKYfVkkBKwc38VF8=
github.com/Azure/go-autorest/autorest/to v0.3.0/go.mod h1:MgwOyqaIuKdG4TL/2ywSsIWKAfJfgHDo8ObuUk3t5sA=
github.com/Azure/go-autorest/autorest/validation v0.2.0 h1:15vMO4y76dehZSq7pAaOLQxC6dZYsSrj2GQpflyM/L4=
github.com/Azure/go-autorest/autorest/validation v0.2.0/go.mod h1:3EEqHnBxQGHXRYq3HT1WyXAvT7LLY3tl70hw6tQIbjI=
github.com/Azure/go-autorest/logger v0.1.0 h1:ruG4BSDXONFRrZZJ2GUXDiUyVpayPmb1GnWeHDdaNKY=
github.com/Azure/go-autorest/logger v0.1.0/go.mod h1:oExouG+K6PryycPJfVSxi/koC6LSNgds39diKLz7Vrc=
github.com/Azure/go-autorest/tracing v0.5.0 h1:TRn4WjSnkcSy5AEG3pnbtFSwNtwzjr4VYyQflFE619k=
github.com/Azure/go-autorest/tracing v0.5.0/go.mod h1:r/s2XiOKccPW3HrqB+W0TQzfbtp2fGCgRFtBroKn4Dk=
github.com/bgentry/speakeasy v0.1.0 h1:ByYyxL9InA1OWqxJqqp2A5pYHUrCiAL6K3J+LKSsQkY=
github.com/bgentry/speakeasy v0.1.0/go.mod h1:+zsyZBPWlz7T6j88CTgSN5bM796AkVf0kBD4zp0CCIs=
github.com/davecgh/go-spew v1.1.0 h1:ZDRjVQ15GmhC3fiQ8ni8+OwkZQO4DARzQgrnXU1Liz8=
github.com/davecgh/go-spew v1.1.0/go.mod h1:J7Y8YcW2NihsgmVo/mv3lAwl/skON4iLHjSsI+c5H38=
github.com/dcu/go-authy v1.0.1 h1:9LtF0otuGKQOD0AzyAUKzT+etvzGZxpvf4x20/xiW1Y=
github.com/dcu/go-authy v1.0.1/go.mod h1:SJ8cuAYQ9c9ZGGIGNk5gyH87/Q0uJXzhb1DR8MNnn98=
github.com/denisenkom/go-mssqldb v0.0.0-20191124224453-732737034ffd h1:83Wprp6ROGeiHFAP8WJdI2RoxALQYgdllERc3N5N2DM=
github.com/denisenkom/go-mssqldb v0.0.0-20191124224453-732737034ffd/go.mod h1:xbL0rPBG9cCiLr28tMa8zpbdarY27NDyej4t/EjAShU=
github.com/denisenkom/go-mssqldb v0.0.0-20200428022330-06a60b6afbbc h1:VRRKCwnzqk8QCaRC4os14xoKDdbHqqlJtJA0oc1ZAjg=
github.com/denisenkom/go-mssqldb v0.0.0-20200428022330-06a60b6afbbc/go.mod h1:xbL0rPBG9cCiLr28tMa8zpbdarY27NDyej4t/EjAShU=
github.com/dgrijalva/jwt-go v3.2.0+incompatible h1:7qlOGliEKZXTDg6OTjfoBKDXWrumCAMpl/TFQ4/5kLM=
github.com/dgrijalva/jwt-go v3.2.0+incompatible/go.mod h1:E3ru+11k8xSBh+hMPgOLZmtrrCbhqsmaPHjLKYnJCaQ=
github.com/erikstmartin/go-testdb v0.0.0-20160219214506-8d10e4a1bae5 h1:Yzb9+7DPaBjB8zlTR87/ElzFsnQfuHnVUVqpZZIcV5Y=
github.com/erikstmartin/go-testdb v0.0.0-20160219214506-8d10e4a1bae5/go.mod h1:a2zkGnVExMxdzMo3M0Hi/3sEU+cWnZpSni0O6/Yb/P0=
github.com/go-sql-driver/mysql v1.4.1 h1:g24URVg0OFbNUTx9qqY1IRZ9D9z3iPyi5zKhQZpNwpA=
github.com/go-sql-driver/mysql v1.4.1/go.mod h1:zAC/RDZ24gD3HViQzih4MyKcchzm+sOG5ZlKdlhCg5w=
github.com/go-sql-driver/mysql v1.5.0 h1:ozyZYNQW3x3HtqT1jira07DN2PArx2v7/mN66gGcHOs=
github.com/go-sql-driver/mysql v1.5.0/go.mod h1:DCzpHaOWr8IXmIStZouvnhqoel9Qv2LBy8hT2VhHyBg=
github.com/gojektech/heimdall v5.0.2+incompatible h1:mfGLnHNTKN7b1OMTO4ZvL3oT2P13kqTTV7owK7BZDck=
github.com/gojektech/heimdall v5.0.2+incompatible/go.mod h1:8hRIZ3+Kz0r3GAFI9QrUuvZht8ypg5Rs8schCXioLOo=
github.com/gojektech/valkyrie v0.0.0-20190210220504-8f62c1e7ba45 h1:MO2DsGCZz8phRhLnpFvHEQgTH521sVN/6F2GZTbNO3Q=
github.com/gojektech/valkyrie v0.0.0-20190210220504-8f62c1e7ba45/go.mod h1:tDYRk1s5Pms6XJjj5m2PxAzmQvaDU8GqDf1u6x7yxKw=
github.com/gokyle/sshkey v0.0.0-20131202145224-d32a9ef172a1 h1:kECRseLny/LUFGIYntejumrl93j9zTsVVrxRYVmtJmo=
github.com/gokyle/sshkey v0.0.0-20131202145224-d32a9ef172a1/go.mod h1:cJmL4Lt4IYcCvRqqJa6j77P1Gc2Fghm4hOc5Bvi25yg=
github.com/golang-sql/civil v0.0.0-20190719163853-cb61b32ac6fe h1:lXe2qZdvpiX5WZkZR4hgp4KJVfY3nMkvmwbVkpv1rVY=
github.com/golang-sql/civil v0.0.0-20190719163853-cb61b32ac6fe/go.mod h1:8vg3r2VgvsThLBIFL93Qb5yWzgyZWhEmBwUJWevAkK0=
github.com/golang/protobuf v1.2.0/go.mod h1:6lQm79b+lXiMfvg/cZm0SGofjICqVBUtrP5yJMmIC1U=
github.com/google/uuid v1.1.1 h1:Gkbcsh/GbpXz7lPftLA3P6TYMwjCLYm83jiFQZF/3gY=
github.com/google/uuid v1.1.1/go.mod h1:TIyPZe4MgqvfeYDBFedMoGGpEw/LqOeaOT+nhxU+yHo=
github.com/jinzhu/gorm v1.9.12 h1:Drgk1clyWT9t9ERbzHza6Mj/8FY/CqMyVzOiHviMo6Q=
github.com/jinzhu/gorm v1.9.12/go.mod h1:vhTjlKSJUTWNtcbQtrMBFCxy7eXTzeCAzfL5fBZT/Qs=
github.com/jinzhu/inflection v1.0.0 h1:K317FqzuhWc8YvSVlFMCCUb36O/S9MCKRDI7QkRKD/E=
github.com/jinzhu/inflection v1.0.0/go.mod h1:h+uFLlag+Qp1Va5pdKtLDYj+kHp5pxUVkryuEj+Srlc=
github.com/jinzhu/now v1.0.1 h1:HjfetcXq097iXP0uoPCdnM4Efp5/9MsM0/M+XOTeR3M=
github.com/jinzhu/now v1.0.1/go.mod h1:d3SSVoowX0Lcu0IBviAWJpolVfI5UJVZZ7cO71lE/z8=
github.com/lib/pq v1.1.1 h1:sJZmqHoEaY7f+NPP8pgLB/WxulyR3fewgCM2qaSlBb4=
github.com/lib/pq v1.1.1/go.mod h1:5WUZQaWbwv1U+lTReE5YruASi9Al49XbQIvNi/34Woo=
github.com/lib/pq v1.5.2 h1:yTSXVswvWUOQ3k1sd7vJfDrbSl8lKuscqFJRqjC0ifw=
github.com/lib/pq v1.5.2/go.mod h1:5WUZQaWbwv1U+lTReE5YruASi9Al49XbQIvNi/34Woo=
github.com/mattn/go-sqlite3 v2.0.1+incompatible h1:xQ15muvnzGBHpIpdrNi1DA5x0+TcBZzsIDwmw9uTHzw=
github.com/mattn/go-sqlite3 v2.0.1+incompatible/go.mod h1:FPy6KqzDD04eiIsT53CuJW3U88zkxoIYsOqkbpncsNc=
github.com/mattn/go-sqlite3 v2.0.3+incompatible h1:gXHsfypPkaMZrKbD5209QV9jbUTJKjyR5WD3HYQSd+U=
github.com/mattn/go-sqlite3 v2.0.3+incompatible/go.mod h1:FPy6KqzDD04eiIsT53CuJW3U88zkxoIYsOqkbpncsNc=
github.com/msteinert/pam v0.0.0-20190215180659-f29b9f28d6f9 h1:ZivaaKmjs9q90zi6I4gTLW6tbVGtlBjellr3hMYaly0=
github.com/msteinert/pam v0.0.0-20190215180659-f29b9f28d6f9/go.mod h1:np1wUFZ6tyoke22qDJZY40URn9Ae51gX7ljIWXN5TJs=
github.com/pkg/errors v0.9.1 h1:FEBLx1zS214owpjy7qsBeixbURkuhQAwrK5UwLGTwt4=
github.com/pkg/errors v0.9.1/go.mod h1:bwawxfHBFNV+L2hUp1rHADufV3IMtnDRdf1r5NINEl0=
github.com/pmezard/go-difflib v1.0.0 h1:4DBwDE0NGyQoBHbLQYPwSUPoCMWR5BEzIk/f1lZbAQM=
github.com/pmezard/go-difflib v1.0.0/go.mod h1:iKH77koFhYxTK1pcRnkKkqfTogsbg7gZNVY4sRDYZ/4=
github.com/stretchr/objx v0.1.0/go.mod h1:HFkY916IF+rwdDfMAkV7OtwuqBVzrE8GR6GFx+wExME=
github.com/stretchr/testify v1.3.0 h1:TivCn/peBQ7UY8ooIcPgZFpTNSz0Q2U6UrFlUfqbe0Q=
github.com/stretchr/testify v1.3.0/go.mod h1:M5WIy9Dh21IEIfnGCwXGc5bZfKNJtfHm1UVUgZn+9EI=
github.com/tg123/go-flags v1.4.0-globalref h1:pfUF3Mdnw5gZ5izA7s95Yrp+AetZPlnO9x39RByCi98=
github.com/tg123/go-flags v1.4.0-globalref/go.mod h1:G60U6XrJAj49cFQ8MY2Wr+SEjylerbSqj0I8FZy2tFE=
github.com/tg123/sshpiper.crypto v0.0.0-sshpiper-20200515-v2 h1:vGv7a9lvys1S0eng/lz3p56uQbAES4H1D0OU1rp8Bh4=
github.com/tg123/sshpiper.crypto v0.0.0-sshpiper-20200515-v2/go.mod h1:LzIPMQfyMNhhGPhUkYOs5KpL4U8rLKemX1yGLhDgUto=
github.com/tg123/sshpiper.crypto v0.0.0-sshpiper-20201202/go.mod h1:jdWPYTVW3xRLrWPugEBEK3UY2ZEsg3UU495nc5E+M+I=
golang.org/x/net v0.0.0-20180724234803-3673e40ba225/go.mod h1:mL1N/T3taQHkDXs73rZJwtUhF3w3ftmwwsq0BUmARs4=
golang.org/x/net v0.0.0-20190404232315-eb5bcb51f2a3/go.mod h1:t9HGtf8HONx5eT2rtn7q6eTqICYqUVnKs3thJo3Qplg=
golang.org/x/sys v0.0.0-20190412213103-97732733099d h1:+R4KGOnez64A81RvjARKc4UT5/tI9ujCIVX+P5KiHuI=
golang.org/x/sys v0.0.0-20190412213103-97732733099d/go.mod h1:h1NjWce9XRLGQEsW7wpKNCjG9DtNlClVuFLEZdDNbEs=
golang.org/x/sys v0.0.0-20191026070338-33540a1f6037/go.mod h1:h1NjWce9XRLGQEsW7wpKNCjG9DtNlClVuFLEZdDNbEs=
golang.org/x/sys v0.0.0-20200513112337-417ce2331b5c h1:kISX68E8gSkNYAFRFiDU8rl5RIn1sJYKYb/r2vMLDrU=
golang.org/x/sys v0.0.0-20200513112337-417ce2331b5c/go.mod h1:h1NjWce9XRLGQEsW7wpKNCjG9DtNlClVuFLEZdDNbEs=
golang.org/x/term v0.0.0-20201117132131-f5c789dd3221/go.mod h1:Nr5EML6q2oocZ2LXRh80K7BxOlk5/8JxuGnuhpl+muw=
golang.org/x/text v0.3.0/go.mod h1:NqM8EUOU14njkJ3fqMW+pc6Ldnwhi/IjpwHt7yyuwOQ=
google.golang.org/appengine v1.4.0 h1:/wp5JvzpHIxhs/dumFmF7BXTf3Z+dd4uXta4kVyO508=
google.golang.org/appengine v1.4.0/go.mod h1:xpcJRLb0r/rnEns0DIKYYv+WjYCduHsrkT7/EB5XEv4=
gopkg.in/check.v1 v0.0.0-20161208181325-20d25e280405 h1:yhCVgyC4o1eVCa2tZl7eS0r+SDo693bJlVdllGtEeKM=
gopkg.in/check.v1 v0.0.0-20161208181325-20d25e280405/go.mod h1:Co6ibVJAznAaIkqp8huTwlJQCZ016jof/cbN4VW5Yz0=
gopkg.in/yaml.v3 v3.0.0-20200506231410-2ff61e1afc86 h1:OfFoIUYv/me30yv7XlMy4F9RJw8DEm8WQ6QG1Ph4bH0=
gopkg.in/yaml.v3 v3.0.0-20200506231410-2ff61e1afc86/go.mod h1:K4uyk7z7BCEPqu6E+C64Yfv1cQ7kz7rIZviUmN+EgEM=
