# This file is autogenerated, do not edit; changes may be undone by the next 'dep ensure'.


[[projects]]
  name = "github.com/go-sql-driver/mysql"
  packages = ["."]
  revision = "a0583e0143b1624142adab07e0e97fe106d99561"
  version = "v1.3"

[[projects]]
  branch = "master"
  name = "github.com/gokyle/sshkey"
  packages = [
    ".",
    "readpass"
  ]
  revision = "d32a9ef172a1ec91efdf3ce26b240c946285bfe7"

[[projects]]
  name = "github.com/jessevdk/go-flags"
  packages = ["."]
  revision = "96dc06278ce32a0e9d957d590bb987c81ee66407"
  version = "v1.3.0"

[[projects]]
  branch = "master"
  name = "github.com/vvanpo/golang-pam"
  packages = ["."]
  revision = "93273af664c1f77cd9ad7e7e10b915503a90c561"

[[projects]]
  branch = "master"
  name = "golang.org/x/crypto"
  packages = [
    "curve25519",
    "ed25519",
    "ed25519/internal/edwards25519",
    "internal/chacha20",
    "poly1305",
    "ssh",
    "ssh/testdata"
  ]
  revision = "c832b236b4049eae471365acd18bc0b462a64a2b"
  source = "https://github.com/tg123/sshpiper.crypto"

[solve-meta]
  analyzer-name = "dep"
  analyzer-version = 1
  inputs-digest = "e2cecba4b0cc23a410fcf7f5224592a7b22d5b225fdef18c033a8c5fa19456eb"
  solver-name = "gps-cdcl"
  solver-version = 1
