# This file is autogenerated, do not edit; changes may be undone by the next 'dep ensure'.


[[projects]]
  branch = "master"
  name = "github.com/glacjay/goini"
  packages = ["."]
  revision = "fd3024d87ee21a36d3ccc4367f509fec89cd90ee"

[[projects]]
  branch = "master"
  name = "github.com/rakyll/globalconf"
  packages = ["."]
  revision = "7afbf15d8da4ed30174874a9db565d16755e99f7"

[[projects]]
  branch = "master"
  name = "github.com/spf13/pflag"
  packages = ["."]
  revision = "e57e3eeb33f795204c1ca35f56c44f83227c6e66"

[[projects]]
  branch = "master"
  name = "github.com/vvanpo/golang-pam"
  packages = ["."]
  revision = "93273af664c1f77cd9ad7e7e10b915503a90c561"

[[projects]]
  branch = "master"
  name = "golang.org/x/crypto"
  packages = [
    "curve25519",
    "ed25519",
    "ed25519/internal/edwards25519",
    "internal/chacha20",
    "poly1305",
    "ssh",
    "ssh/testdata"
  ]
  revision = "daf7a6932c427819b72906700cd3e9209ec7d70e"
  source = "https://github.com/tg123/sshpiper.crypto"

[solve-meta]
  analyzer-name = "dep"
  analyzer-version = 1
  inputs-digest = "a45bf0b707bd655f13d5cd1ac7586dbc57f2eaee25ffc08bf9c3746189c686f3"
  solver-name = "gps-cdcl"
  solver-version = 1
